
Microsoft Visual Studio Solution File, Format Version 12.00
# Visual Studio Version 16
VisualStudioVersion = 16.0.32901.82
MinimumVisualStudioVersion = 10.0.40219.1
Project("{FAE04EC0-301F-11D3-BF4B-00C04F79EFBC}") = "BasicEducationDepartment", "BasicEducationDepartment\BasicEducationDepartment.csproj", "{BF6F22B2-EC4A-4C63-9621-6B71328DDFDB}"
EndProject
Global
	GlobalSection(SolutionConfigurationPlatforms) = preSolution
		Debug|Any CPU = Debug|Any CPU
		Release|Any CPU = Release|Any CPU
	EndGlobalSection
	GlobalSection(ProjectConfigurationPlatforms) = postSolution
		{BF6F22B2-EC4A-4C63-9621-6B71328DDFDB}.Debug|Any CPU.ActiveCfg = Debug|Any CPU
		{BF6F22B2-EC4A-4C63-9621-6B71328DDFDB}.Debug|Any CPU.Build.0 = Debug|Any CPU
		{BF6F22B2-EC4A-4C63-9621-6B71328DDFDB}.Release|Any CPU.ActiveCfg = Release|Any CPU
		{BF6F22B2-EC4A-4C63-9621-6B71328DDFDB}.Release|Any CPU.Build.0 = Release|Any CPU
	EndGlobalSection
	GlobalSection(SolutionProperties) = preSolution
		HideSolutionNode = FALSE
	EndGlobalSection
	GlobalSection(ExtensibilityGlobals) = postSolution
		SolutionGuid = {F7E79A0E-95E3-4889-89CD-7BD691EF21BB}
	EndGlobalSection
EndGlobal
